// !$*UTF8*$!
{
	archiveVersion = 1;
	classes = {
	};
	objectVersion = 70;
	objects = {

/* Begin PBXBuildFile section */
		C1037AB22E7126210014D793 /* MapLibre in Frameworks */ = {isa = PBXBuildFile; productRef = C1037AB12E7126210014D793 /* MapLibre */; };
		C1037AB52E71279A0014D793 /* MapboxMaps in Frameworks */ = {isa = PBXBuildFile; productRef = C1037AB42E71279A0014D793 /* MapboxMaps */; };
		C1037AB92E7185550014D793 /* Auth in Frameworks */ = {isa = PBXBuildFile; productRef = C1037AB82E7185550014D793 /* Auth */; };
		C1037ABB2E7185550014D793 /* Functions in Frameworks */ = {isa = PBXBuildFile; productRef = C1037ABA2E7185550014D793 /* Functions */; };
		C1037ABD2E7185550014D793 /* PostgREST in Frameworks */ = {isa = PBXBuildFile; productRef = C1037ABC2E7185550014D793 /* PostgREST */; };
		C1037ABF2E7185550014D793 /* Realtime in Frameworks */ = {isa = PBXBuildFile; productRef = C1037ABE2E7185550014D793 /* Realtime */; };
		C1037AC12E7185550014D793 /* Storage in Frameworks */ = {isa = PBXBuildFile; productRef = C1037AC02E7185550014D793 /* Storage */; };
/* End PBXBuildFile section */

/* Begin PBXContainerItemProxy section */
		C1CD22A62E6FE5D60057E60C /* PBXContainerItemProxy */ = {
			isa = PBXContainerItemProxy;
			containerPortal = C1CD228C2E6FE5D50057E60C /* Project object */;
			proxyType = 1;
			remoteGlobalIDString = C1CD22932E6FE5D50057E60C;
			remoteInfo = unheardpath;
		};
		C1CD22B02E6FE5D60057E60C /* PBXContainerItemProxy */ = {
			isa = PBXContainerItemProxy;
			containerPortal = C1CD228C2E6FE5D50057E60C /* Project object */;
			proxyType = 1;
			remoteGlobalIDString = C1CD22932E6FE5D50057E60C;
			remoteInfo = unheardpath;
		};
/* End PBXContainerItemProxy section */

/* Begin PBXCopyFilesBuildPhase section */
		C16D76372E702A4400BA24BC /* Embed Frameworks */ = {
			isa = PBXCopyFilesBuildPhase;
			buildActionMask = 2147483647;
			dstPath = "";
			dstSubfolderSpec = 10;
			files = (
			);
			name = "Embed Frameworks";
			runOnlyForDeploymentPostprocessing = 0;
		};
/* End PBXCopyFilesBuildPhase section */

/* Begin PBXFileReference section */
		C1037A842E7126030014D793 /* unheardpath.app */ = {isa = PBXFileReference; explicitFileType = wrapper.application; includeInIndex = 0; path = unheardpath.app; sourceTree = BUILT_PRODUCTS_DIR; };
		C1037A852E7126030014D793 /* unheardpathTests.xctest */ = {isa = PBXFileReference; explicitFileType = wrapper.cfbundle; includeInIndex = 0; path = unheardpathTests.xctest; sourceTree = BUILT_PRODUCTS_DIR; };
		C1037A862E7126030014D793 /* unheardpathUITests.xctest */ = {isa = PBXFileReference; explicitFileType = wrapper.cfbundle; includeInIndex = 0; path = unheardpathUITests.xctest; sourceTree = BUILT_PRODUCTS_DIR; };
/* End PBXFileReference section */

/* Begin PBXFileSystemSynchronizedBuildFileExceptionSet section */
		C1CD22B72E6FE5D60057E60C /* PBXFileSystemSynchronizedBuildFileExceptionSet */ = {
			isa = PBXFileSystemSynchronizedBuildFileExceptionSet;
			membershipExceptions = (
				Info.plist,
			);
			target = C1CD22932E6FE5D50057E60C /* unheardpath */;
		};
/* End PBXFileSystemSynchronizedBuildFileExceptionSet section */

/* Begin PBXFileSystemSynchronizedRootGroup section */
		C1CD22962E6FE5D50057E60C /* unheardpath */ = {isa = PBXFileSystemSynchronizedRootGroup; exceptions = (C1CD22B72E6FE5D60057E60C /* PBXFileSystemSynchronizedBuildFileExceptionSet */, ); explicitFileTypes = {}; explicitFolders = (); path = unheardpath; sourceTree = "<group>"; };
		C1CD22A82E6FE5D60057E60C /* unheardpathTests */ = {isa = PBXFileSystemSynchronizedRootGroup; explicitFileTypes = {}; explicitFolders = (); path = unheardpathTests; sourceTree = "<group>"; };
		C1CD22B22E6FE5D60057E60C /* unheardpathUITests */ = {isa = PBXFileSystemSynchronizedRootGroup; explicitFileTypes = {}; explicitFolders = (); path = unheardpathUITests; sourceTree = "<group>"; };
/* End PBXFileSystemSynchronizedRootGroup section */

/* Begin PBXFrameworksBuildPhase section */
		C1CD22912E6FE5D50057E60C /* Frameworks */ = {
			isa = PBXFrameworksBuildPhase;
			buildActionMask = 2147483647;
			files = (
				C1037AB52E71279A0014D793 /* MapboxMaps in Frameworks */,
				C1037AB22E7126210014D793 /* MapLibre in Frameworks */,
				C1037AC12E7185550014D793 /* Storage in Frameworks */,
				C1037ABB2E7185550014D793 /* Functions in Frameworks */,
				C1037ABF2E7185550014D793 /* Realtime in Frameworks */,
				C1037AB92E7185550014D793 /* Auth in Frameworks */,
				C1037ABD2E7185550014D793 /* PostgREST in Frameworks */,
			);
			runOnlyForDeploymentPostprocessing = 0;
		};
		C1CD22A22E6FE5D60057E60C /* Frameworks */ = {
			isa = PBXFrameworksBuildPhase;
			buildActionMask = 2147483647;
			files = (
			);
			runOnlyForDeploymentPostprocessing = 0;
		};
		C1CD22AC2E6FE5D60057E60C /* Frameworks */ = {
			isa = PBXFrameworksBuildPhase;
			buildActionMask = 2147483647;
			files = (
			);
			runOnlyForDeploymentPostprocessing = 0;
		};
/* End PBXFrameworksBuildPhase section */

/* Begin PBXGroup section */
		C1CD228B2E6FE5D50057E60C = {
			isa = PBXGroup;
			children = (
				C1CD22962E6FE5D50057E60C /* unheardpath */,
				C1CD22A82E6FE5D60057E60C /* unheardpathTests */,
				C1CD22B22E6FE5D60057E60C /* unheardpathUITests */,
				C1037A842E7126030014D793 /* unheardpath.app */,
				C1037A852E7126030014D793 /* unheardpathTests.xctest */,
				C1037A862E7126030014D793 /* unheardpathUITests.xctest */,
			);
			sourceTree = "<group>";
		};
/* End PBXGroup section */

/* Begin PBXNativeTarget section */
		C1CD22932E6FE5D50057E60C /* unheardpath */ = {
			isa = PBXNativeTarget;
			buildConfigurationList = C1CD22B82E6FE5D60057E60C /* Build configuration list for PBXNativeTarget "unheardpath" */;
			buildPhases = (
				C1CD22902E6FE5D50057E60C /* Sources */,
				C1CD22912E6FE5D50057E60C /* Frameworks */,
				C1CD22922E6FE5D50057E60C /* Resources */,
				C16D76372E702A4400BA24BC /* Embed Frameworks */,
			);
			buildRules = (
			);
			dependencies = (
			);
			fileSystemSynchronizedGroups = (
				C1CD22962E6FE5D50057E60C /* unheardpath */,
			);
			name = unheardpath;
			productName = unheardpath;
			productReference = C1037A842E7126030014D793 /* unheardpath.app */;
			productType = "com.apple.product-type.application";
		};
		C1CD22A42E6FE5D60057E60C /* unheardpathTests */ = {
			isa = PBXNativeTarget;
			buildConfigurationList = C1CD22BD2E6FE5D60057E60C /* Build configuration list for PBXNativeTarget "unheardpathTests" */;
			buildPhases = (
				C1CD22A12E6FE5D60057E60C /* Sources */,
				C1CD22A22E6FE5D60057E60C /* Frameworks */,
				C1CD22A32E6FE5D60057E60C /* Resources */,
			);
			buildRules = (
			);
			dependencies = (
				C1CD22A72E6FE5D60057E60C /* PBXTargetDependency */,
			);
			fileSystemSynchronizedGroups = (
				C1CD22A82E6FE5D60057E60C /* unheardpathTests */,
			);
			name = unheardpathTests;
			productName = unheardpathTests;
			productReference = C1037A852E7126030014D793 /* unheardpathTests.xctest */;
			productType = "com.apple.product-type.bundle.unit-test";
		};
		C1CD22AE2E6FE5D60057E60C /* unheardpathUITests */ = {
			isa = PBXNativeTarget;
			buildConfigurationList = C1CD22C02E6FE5D60057E60C /* Build configuration list for PBXNativeTarget "unheardpathUITests" */;
			buildPhases = (
				C1CD22AB2E6FE5D60057E60C /* Sources */,
				C1CD22AC2E6FE5D60057E60C /* Frameworks */,
				C1CD22AD2E6FE5D60057E60C /* Resources */,
			);
			buildRules = (
			);
			dependencies = (
				C1CD22B12E6FE5D60057E60C /* PBXTargetDependency */,
			);
			fileSystemSynchronizedGroups = (
				C1CD22B22E6FE5D60057E60C /* unheardpathUITests */,
			);
			name = unheardpathUITests;
			productName = unheardpathUITests;
			productReference = C1037A862E7126030014D793 /* unheardpathUITests.xctest */;
			productType = "com.apple.product-type.bundle.ui-testing";
		};
/* End PBXNativeTarget section */

/* Begin PBXProject section */
		C1CD228C2E6FE5D50057E60C /* Project object */ = {
			isa = PBXProject;
			attributes = {
				BuildIndependentTargetsInParallel = 1;
				LastSwiftUpdateCheck = 1640;
				LastUpgradeCheck = 2600;
				TargetAttributes = {
					C1CD22932E6FE5D50057E60C = {
						CreatedOnToolsVersion = 16.4;
					};
					C1CD22A42E6FE5D60057E60C = {
						CreatedOnToolsVersion = 16.4;
						TestTargetID = C1CD22932E6FE5D50057E60C;
					};
					C1CD22AE2E6FE5D60057E60C = {
						CreatedOnToolsVersion = 16.4;
						TestTargetID = C1CD22932E6FE5D50057E60C;
					};
				};
			};
			buildConfigurationList = C1CD228F2E6FE5D50057E60C /* Build configuration list for PBXProject "unheardpath" */;
			compatibilityVersion = "Xcode 14.0";
			developmentRegion = en;
			hasScannedForEncodings = 0;
			knownRegions = (
				en,
				Base,
			);
			mainGroup = C1CD228B2E6FE5D50057E60C;
			minimizedProjectReferenceProxies = 1;
			packageReferences = (
				C1037AB02E7126210014D793 /* XCRemoteSwiftPackageReference "maplibre-gl-native-distribution" */,
				C1037AB32E71279A0014D793 /* XCRemoteSwiftPackageReference "mapbox-maps-ios" */,
				C1037AB72E7185550014D793 /* XCRemoteSwiftPackageReference "supabase-swift" */,
			);
			productRefGroup = C1CD228B2E6FE5D50057E60C;
			projectDirPath = "";
			projectRoot = "";
			targets = (
				C1CD22932E6FE5D50057E60C /* unheardpath */,
				C1CD22A42E6FE5D60057E60C /* unheardpathTests */,
				C1CD22AE2E6FE5D60057E60C /* unheardpathUITests */,
			);
		};
/* End PBXProject section */

/* Begin PBXResourcesBuildPhase section */
		C1CD22922E6FE5D50057E60C /* Resources */ = {
			isa = PBXResourcesBuildPhase;
			buildActionMask = 2147483647;
			files = (
			);
			runOnlyForDeploymentPostprocessing = 0;
		};
		C1CD22A32E6FE5D60057E60C /* Resources */ = {
			isa = PBXResourcesBuildPhase;
			buildActionMask = 2147483647;
			files = (
			);
			runOnlyForDeploymentPostprocessing = 0;
		};
		C1CD22AD2E6FE5D60057E60C /* Resources */ = {
			isa = PBXResourcesBuildPhase;
			buildActionMask = 2147483647;
			files = (
			);
			runOnlyForDeploymentPostprocessing = 0;
		};
/* End PBXResourcesBuildPhase section */

/* Begin PBXSourcesBuildPhase section */
		C1CD22902E6FE5D50057E60C /* Sources */ = {
			isa = PBXSourcesBuildPhase;
			buildActionMask = 2147483647;
			files = (
			);
			runOnlyForDeploymentPostprocessing = 0;
		};
		C1CD22A12E6FE5D60057E60C /* Sources */ = {
			isa = PBXSourcesBuildPhase;
			buildActionMask = 2147483647;
			files = (
			);
			runOnlyForDeploymentPostprocessing = 0;
		};
		C1CD22AB2E6FE5D60057E60C /* Sources */ = {
			isa = PBXSourcesBuildPhase;
			buildActionMask = 2147483647;
			files = (
			);
			runOnlyForDeploymentPostprocessing = 0;
		};
/* End PBXSourcesBuildPhase section */

/* Begin PBXTargetDependency section */
		C1CD22A72E6FE5D60057E60C /* PBXTargetDependency */ = {
			isa = PBXTargetDependency;
			target = C1CD22932E6FE5D50057E60C /* unheardpath */;
			targetProxy = C1CD22A62E6FE5D60057E60C /* PBXContainerItemProxy */;
		};
		C1CD22B12E6FE5D60057E60C /* PBXTargetDependency */ = {
			isa = PBXTargetDependency;
			target = C1CD22932E6FE5D50057E60C /* unheardpath */;
			targetProxy = C1CD22B02E6FE5D60057E60C /* PBXContainerItemProxy */;
		};
/* End PBXTargetDependency section */

/* Begin XCBuildConfiguration section */
		C1CD22B92E6FE5D60057E60C /* Debug */ = {
			isa = XCBuildConfiguration;
			buildSettings = {
				ASSETCATALOG_COMPILER_APPICON_NAME = AppIcon;
				ASSETCATALOG_COMPILER_GLOBAL_ACCENT_COLOR_NAME = AccentColor;
				CODE_SIGN_STYLE = Automatic;
				CURRENT_PROJECT_VERSION = 1;
				DEAD_CODE_STRIPPING = YES;
				DEVELOPMENT_TEAM = ZMR9YNSJN2;
				ENABLE_HARDENED_RUNTIME = YES;
				ENABLE_PREVIEWS = YES;
				GENERATE_INFOPLIST_FILE = YES;
				INFOPLIST_FILE = unheardpath/Info.plist;
				INFOPLIST_KEY_CFBundleDisplayName = "Unheard Path";
				INFOPLIST_KEY_LSApplicationCategoryType = "public.app-category.travel";
				INFOPLIST_KEY_NSLocationAlwaysAndWhenInUseUsageDescription = "This app needs location access to provide directions and map services.";
				INFOPLIST_KEY_NSLocationUsageDescription = "This app needs location access to provide directions and show your current position on the map.";
				INFOPLIST_KEY_NSLocationWhenInUseUsageDescription = "This app needs location access to provide directions and map services.";
				"INFOPLIST_KEY_UIApplicationSceneManifest_Generation[sdk=iphoneos*]" = YES;
				"INFOPLIST_KEY_UIApplicationSceneManifest_Generation[sdk=iphonesimulator*]" = YES;
				"INFOPLIST_KEY_UIApplicationSupportsIndirectInputEvents[sdk=iphoneos*]" = YES;
				"INFOPLIST_KEY_UIApplicationSupportsIndirectInputEvents[sdk=iphonesimulator*]" = YES;
				"INFOPLIST_KEY_UILaunchScreen_Generation[sdk=iphoneos*]" = YES;
				"INFOPLIST_KEY_UILaunchScreen_Generation[sdk=iphonesimulator*]" = YES;
				"INFOPLIST_KEY_UIStatusBarStyle[sdk=iphoneos*]" = UIStatusBarStyleDefault;
				"INFOPLIST_KEY_UIStatusBarStyle[sdk=iphonesimulator*]" = UIStatusBarStyleDefault;
				INFOPLIST_KEY_UISupportedInterfaceOrientations_iPad = "UIInterfaceOrientationPortrait UIInterfaceOrientationPortraitUpsideDown UIInterfaceOrientationLandscapeLeft UIInterfaceOrientationLandscapeRight";
				INFOPLIST_KEY_UISupportedInterfaceOrientations_iPhone = "UIInterfaceOrientationPortrait UIInterfaceOrientationLandscapeLeft UIInterfaceOrientationLandscapeRight";
				IPHONEOS_DEPLOYMENT_TARGET = 16.6;
				LD_RUNPATH_SEARCH_PATHS = "@executable_path/Frameworks";
				MARKETING_VERSION = 1.0;
				PRODUCT_BUNDLE_IDENTIFIER = com.mingyuluo.unheardpath;
				PRODUCT_NAME = "$(TARGET_NAME)";
				SDKROOT = auto;
				SUPPORTED_PLATFORMS = "iphoneos iphonesimulator";
				SUPPORTS_MACCATALYST = NO;
				SWIFT_EMIT_LOC_STRINGS = YES;
				SWIFT_VERSION = 5.0;
				TARGETED_DEVICE_FAMILY = 1;
			};
			name = Debug;
		};
		C1CD22BA2E6FE5D60057E60C /* Release */ = {
			isa = XCBuildConfiguration;
			buildSettings = {
				ASSETCATALOG_COMPILER_APPICON_NAME = AppIcon;
				ASSETCATALOG_COMPILER_GLOBAL_ACCENT_COLOR_NAME = AccentColor;
				CODE_SIGN_STYLE = Automatic;
				CURRENT_PROJECT_VERSION = 1;
				DEAD_CODE_STRIPPING = YES;
				DEVELOPMENT_TEAM = ZMR9YNSJN2;
				ENABLE_HARDENED_RUNTIME = YES;
				ENABLE_PREVIEWS = YES;
				GENERATE_INFOPLIST_FILE = YES;
				INFOPLIST_FILE = unheardpath/Info.plist;
				INFOPLIST_KEY_CFBundleDisplayName = "Unheard Path";
				INFOPLIST_KEY_LSApplicationCategoryType = "public.app-category.travel";
				INFOPLIST_KEY_NSLocationAlwaysAndWhenInUseUsageDescription = "This app needs location access to provide directions and map services.";
				INFOPLIST_KEY_NSLocationUsageDescription = "This app needs location access to provide directions and show your current position on the map.";
				INFOPLIST_KEY_NSLocationWhenInUseUsageDescription = "This app needs location access to provide directions and map services.";
				"INFOPLIST_KEY_UIApplicationSceneManifest_Generation[sdk=iphoneos*]" = YES;
				"INFOPLIST_KEY_UIApplicationSceneManifest_Generation[sdk=iphonesimulator*]" = YES;
				"INFOPLIST_KEY_UIApplicationSupportsIndirectInputEvents[sdk=iphoneos*]" = YES;
				"INFOPLIST_KEY_UIApplicationSupportsIndirectInputEvents[sdk=iphonesimulator*]" = YES;
				"INFOPLIST_KEY_UILaunchScreen_Generation[sdk=iphoneos*]" = YES;
				"INFOPLIST_KEY_UILaunchScreen_Generation[sdk=iphonesimulator*]" = YES;
				"INFOPLIST_KEY_UIStatusBarStyle[sdk=iphoneos*]" = UIStatusBarStyleDefault;
				"INFOPLIST_KEY_UIStatusBarStyle[sdk=iphonesimulator*]" = UIStatusBarStyleDefault;
				INFOPLIST_KEY_UISupportedInterfaceOrientations_iPad = "UIInterfaceOrientationPortrait UIInterfaceOrientationPortraitUpsideDown UIInterfaceOrientationLandscapeLeft UIInterfaceOrientationLandscapeRight";
				INFOPLIST_KEY_UISupportedInterfaceOrientations_iPhone = "UIInterfaceOrientationPortrait UIInterfaceOrientationLandscapeLeft UIInterfaceOrientationLandscapeRight";
				IPHONEOS_DEPLOYMENT_TARGET = 16.6;
				LD_RUNPATH_SEARCH_PATHS = "@executable_path/Frameworks";
				MARKETING_VERSION = 1.0;
				PRODUCT_BUNDLE_IDENTIFIER = com.mingyuluo.unheardpath;
				PRODUCT_NAME = "$(TARGET_NAME)";
				SDKROOT = auto;
				SUPPORTED_PLATFORMS = "iphoneos iphonesimulator";
				SUPPORTS_MACCATALYST = NO;
				SWIFT_EMIT_LOC_STRINGS = YES;
				SWIFT_VERSION = 5.0;
				TARGETED_DEVICE_FAMILY = 1;
			};
			name = Release;
		};
		C1CD22BB2E6FE5D60057E60C /* Debug */ = {
			isa = XCBuildConfiguration;
			buildSettings = {
				ALWAYS_SEARCH_USER_PATHS = NO;
				ASSETCATALOG_COMPILER_GENERATE_SWIFT_ASSET_SYMBOL_EXTENSIONS = YES;
				CLANG_ANALYZER_NONNULL = YES;
				CLANG_ANALYZER_NUMBER_OBJECT_CONVERSION = YES_AGGRESSIVE;
				CLANG_CXX_LANGUAGE_STANDARD = "gnu++20";
				CLANG_ENABLE_MODULES = YES;
				CLANG_ENABLE_OBJC_ARC = YES;
				CLANG_ENABLE_OBJC_WEAK = YES;
				CLANG_WARN_BLOCK_CAPTURE_AUTORELEASING = YES;
				CLANG_WARN_BOOL_CONVERSION = YES;
				CLANG_WARN_COMMA = YES;
				CLANG_WARN_CONSTANT_CONVERSION = YES;
				CLANG_WARN_DEPRECATED_OBJC_IMPLEMENTATIONS = YES;
				CLANG_WARN_DIRECT_OBJC_ISA_USAGE = YES_ERROR;
				CLANG_WARN_DOCUMENTATION_COMMENTS = YES;
				CLANG_WARN_EMPTY_BODY = YES;
				CLANG_WARN_ENUM_CONVERSION = YES;
				CLANG_WARN_INFINITE_RECURSION = YES;
				CLANG_WARN_INT_CONVERSION = YES;
				CLANG_WARN_NON_LITERAL_NULL_CONVERSION = YES;
				CLANG_WARN_OBJC_IMPLICIT_RETAIN_SELF = YES;
				CLANG_WARN_OBJC_LITERAL_CONVERSION = YES;
				CLANG_WARN_OBJC_ROOT_CLASS = YES_ERROR;
				CLANG_WARN_QUOTED_INCLUDE_IN_FRAMEWORK_HEADER = YES;
				CLANG_WARN_RANGE_LOOP_ANALYSIS = YES;
				CLANG_WARN_STRICT_PROTOTYPES = YES;
				CLANG_WARN_SUSPICIOUS_MOVE = YES;
				CLANG_WARN_UNGUARDED_AVAILABILITY = YES_AGGRESSIVE;
				CLANG_WARN_UNREACHABLE_CODE = YES;
				CLANG_WARN__DUPLICATE_METHOD_MATCH = YES;
				COPY_PHASE_STRIP = NO;
				DEBUG_INFORMATION_FORMAT = dwarf;
				DEVELOPMENT_TEAM = ZMR9YNSJN2;
				ENABLE_STRICT_OBJC_MSGSEND = YES;
				ENABLE_TESTABILITY = YES;
				ENABLE_USER_SCRIPT_SANDBOXING = YES;
				GCC_C_LANGUAGE_STANDARD = gnu17;
				GCC_DYNAMIC_NO_PIC = NO;
				GCC_NO_COMMON_BLOCKS = YES;
				GCC_OPTIMIZATION_LEVEL = 0;
				GCC_PREPROCESSOR_DEFINITIONS = (
					"DEBUG=1",
					"$(inherited)",
				);
				GCC_WARN_64_TO_32_BIT_CONVERSION = YES;
				GCC_WARN_ABOUT_RETURN_TYPE = YES_ERROR;
				GCC_WARN_UNDECLARED_SELECTOR = YES;
				GCC_WARN_UNINITIALIZED_AUTOS = YES_AGGRESSIVE;
				GCC_WARN_UNUSED_FUNCTION = YES;
				GCC_WARN_UNUSED_VARIABLE = YES;
				LOCALIZATION_PREFERS_STRING_CATALOGS = YES;
				MTL_ENABLE_DEBUG_INFO = INCLUDE_SOURCE;
				MTL_FAST_MATH = YES;
				ONLY_ACTIVE_ARCH = YES;
				SDKROOT = iphoneos;
				STRING_CATALOG_GENERATE_SYMBOLS = YES;
				SWIFT_ACTIVE_COMPILATION_CONDITIONS = "DEBUG $(inherited)";
				SWIFT_OPTIMIZATION_LEVEL = "-Onone";
			};
			name = Debug;
		};
		C1CD22BC2E6FE5D60057E60C /* Release */ = {
			isa = XCBuildConfiguration;
			buildSettings = {
				ALWAYS_SEARCH_USER_PATHS = NO;
				ASSETCATALOG_COMPILER_GENERATE_SWIFT_ASSET_SYMBOL_EXTENSIONS = YES;
				CLANG_ANALYZER_NONNULL = YES;
				CLANG_ANALYZER_NUMBER_OBJECT_CONVERSION = YES_AGGRESSIVE;
				CLANG_CXX_LANGUAGE_STANDARD = "gnu++20";
				CLANG_ENABLE_MODULES = YES;
				CLANG_ENABLE_OBJC_ARC = YES;
				CLANG_ENABLE_OBJC_WEAK = YES;
				CLANG_WARN_BLOCK_CAPTURE_AUTORELEASING = YES;
				CLANG_WARN_BOOL_CONVERSION = YES;
				CLANG_WARN_COMMA = YES;
				CLANG_WARN_CONSTANT_CONVERSION = YES;
				CLANG_WARN_DEPRECATED_OBJC_IMPLEMENTATIONS = YES;
				CLANG_WARN_DIRECT_OBJC_ISA_USAGE = YES_ERROR;
				CLANG_WARN_DOCUMENTATION_COMMENTS = YES;
				CLANG_WARN_EMPTY_BODY = YES;
				CLANG_WARN_ENUM_CONVERSION = YES;
				CLANG_WARN_INFINITE_RECURSION = YES;
				CLANG_WARN_INT_CONVERSION = YES;
				CLANG_WARN_NON_LITERAL_NULL_CONVERSION = YES;
				CLANG_WARN_OBJC_IMPLICIT_RETAIN_SELF = YES;
				CLANG_WARN_OBJC_LITERAL_CONVERSION = YES;
				CLANG_WARN_OBJC_ROOT_CLASS = YES_ERROR;
				CLANG_WARN_QUOTED_INCLUDE_IN_FRAMEWORK_HEADER = YES;
				CLANG_WARN_RANGE_LOOP_ANALYSIS = YES;
				CLANG_WARN_STRICT_PROTOTYPES = YES;
				CLANG_WARN_SUSPICIOUS_MOVE = YES;
				CLANG_WARN_UNGUARDED_AVAILABILITY = YES_AGGRESSIVE;
				CLANG_WARN_UNREACHABLE_CODE = YES;
				CLANG_WARN__DUPLICATE_METHOD_MATCH = YES;
				COPY_PHASE_STRIP = NO;
				DEBUG_INFORMATION_FORMAT = "dwarf-with-dsym";
				DEVELOPMENT_TEAM = ZMR9YNSJN2;
				ENABLE_NS_ASSERTIONS = NO;
				ENABLE_STRICT_OBJC_MSGSEND = YES;
				ENABLE_USER_SCRIPT_SANDBOXING = YES;
				GCC_C_LANGUAGE_STANDARD = gnu17;
				GCC_NO_COMMON_BLOCKS = YES;
				GCC_WARN_64_TO_32_BIT_CONVERSION = YES;
				GCC_WARN_ABOUT_RETURN_TYPE = YES_ERROR;
				GCC_WARN_UNDECLARED_SELECTOR = YES;
				GCC_WARN_UNINITIALIZED_AUTOS = YES_AGGRESSIVE;
				GCC_WARN_UNUSED_FUNCTION = YES;
				GCC_WARN_UNUSED_VARIABLE = YES;
				LOCALIZATION_PREFERS_STRING_CATALOGS = YES;
				MTL_ENABLE_DEBUG_INFO = NO;
				MTL_FAST_MATH = YES;
				SDKROOT = iphoneos;
				STRING_CATALOG_GENERATE_SYMBOLS = YES;
				SWIFT_COMPILATION_MODE = wholemodule;
			};
			name = Release;
		};
		C1CD22BE2E6FE5D60057E60C /* Debug */ = {
			isa = XCBuildConfiguration;
			buildSettings = {
				BUNDLE_LOADER = "$(TEST_HOST)";
				CODE_SIGN_STYLE = Automatic;
				CURRENT_PROJECT_VERSION = 1;
				DEAD_CODE_STRIPPING = YES;
				DEVELOPMENT_TEAM = ZMR9YNSJN2;
				GENERATE_INFOPLIST_FILE = YES;
				IPHONEOS_DEPLOYMENT_TARGET = 15.0;
				MACOSX_DEPLOYMENT_TARGET = 15.5;
				MARKETING_VERSION = 1.0;
				PRODUCT_BUNDLE_IDENTIFIER = com.semina.unheardpathTests;
				PRODUCT_NAME = "$(TARGET_NAME)";
				SDKROOT = auto;
				SUPPORTED_PLATFORMS = "iphoneos iphonesimulator";
				SUPPORTS_MACCATALYST = NO;
				SWIFT_EMIT_LOC_STRINGS = NO;
				SWIFT_VERSION = 5.0;
				TARGETED_DEVICE_FAMILY = 1;
				TEST_HOST = "$(BUILT_PRODUCTS_DIR)/unheardpath.app/$(BUNDLE_EXECUTABLE_FOLDER_PATH)/unheardpath";
			};
			name = Debug;
		};
		C1CD22BF2E6FE5D60057E60C /* Release */ = {
			isa = XCBuildConfiguration;
			buildSettings = {
				BUNDLE_LOADER = "$(TEST_HOST)";
				CODE_SIGN_STYLE = Automatic;
				CURRENT_PROJECT_VERSION = 1;
				DEAD_CODE_STRIPPING = YES;
				DEVELOPMENT_TEAM = ZMR9YNSJN2;
				GENERATE_INFOPLIST_FILE = YES;
				IPHONEOS_DEPLOYMENT_TARGET = 15.0;
				MACOSX_DEPLOYMENT_TARGET = 15.5;
				MARKETING_VERSION = 1.0;
				PRODUCT_BUNDLE_IDENTIFIER = com.semina.unheardpathTests;
				PRODUCT_NAME = "$(TARGET_NAME)";
				SDKROOT = auto;
				SUPPORTED_PLATFORMS = "iphoneos iphonesimulator";
				SUPPORTS_MACCATALYST = NO;
				SWIFT_EMIT_LOC_STRINGS = NO;
				SWIFT_VERSION = 5.0;
				TARGETED_DEVICE_FAMILY = 1;
				TEST_HOST = "$(BUILT_PRODUCTS_DIR)/unheardpath.app/$(BUNDLE_EXECUTABLE_FOLDER_PATH)/unheardpath";
			};
			name = Release;
		};
		C1CD22C12E6FE5D60057E60C /* Debug */ = {
			isa = XCBuildConfiguration;
			buildSettings = {
				CODE_SIGN_STYLE = Automatic;
				CURRENT_PROJECT_VERSION = 1;
				DEAD_CODE_STRIPPING = YES;
				DEVELOPMENT_TEAM = ZMR9YNSJN2;
				GENERATE_INFOPLIST_FILE = YES;
				IPHONEOS_DEPLOYMENT_TARGET = 15.0;
				MACOSX_DEPLOYMENT_TARGET = 15.5;
				MARKETING_VERSION = 1.0;
				PRODUCT_BUNDLE_IDENTIFIER = com.semina.unheardpathUITests;
				PRODUCT_NAME = "$(TARGET_NAME)";
				SDKROOT = auto;
				SUPPORTED_PLATFORMS = "iphoneos iphonesimulator";
				SUPPORTS_MACCATALYST = NO;
				SWIFT_EMIT_LOC_STRINGS = NO;
				SWIFT_VERSION = 5.0;
				TARGETED_DEVICE_FAMILY = 1;
				TEST_TARGET_NAME = unheardpath;
			};
			name = Debug;
		};
		C1CD22C22E6FE5D60057E60C /* Release */ = {
			isa = XCBuildConfiguration;
			buildSettings = {
				CODE_SIGN_STYLE = Automatic;
				CURRENT_PROJECT_VERSION = 1;
				DEAD_CODE_STRIPPING = YES;
				DEVELOPMENT_TEAM = ZMR9YNSJN2;
				GENERATE_INFOPLIST_FILE = YES;
				IPHONEOS_DEPLOYMENT_TARGET = 15.0;
				MACOSX_DEPLOYMENT_TARGET = 15.5;
				MARKETING_VERSION = 1.0;
				PRODUCT_BUNDLE_IDENTIFIER = com.semina.unheardpathUITests;
				PRODUCT_NAME = "$(TARGET_NAME)";
				SDKROOT = auto;
				SUPPORTED_PLATFORMS = "iphoneos iphonesimulator";
				SUPPORTS_MACCATALYST = NO;
				SWIFT_EMIT_LOC_STRINGS = NO;
				SWIFT_VERSION = 5.0;
				TARGETED_DEVICE_FAMILY = 1;
				TEST_TARGET_NAME = unheardpath;
			};
			name = Release;
		};
/* End XCBuildConfiguration section */

/* Begin XCConfigurationList section */
		C1CD228F2E6FE5D50057E60C /* Build configuration list for PBXProject "unheardpath" */ = {
			isa = XCConfigurationList;
			buildConfigurations = (
				C1CD22BB2E6FE5D60057E60C /* Debug */,
				C1CD22BC2E6FE5D60057E60C /* Release */,
			);
			defaultConfigurationIsVisible = 0;
			defaultConfigurationName = Release;
		};
		C1CD22B82E6FE5D60057E60C /* Build configuration list for PBXNativeTarget "unheardpath" */ = {
			isa = XCConfigurationList;
			buildConfigurations = (
				C1CD22B92E6FE5D60057E60C /* Debug */,
				C1CD22BA2E6FE5D60057E60C /* Release */,
			);
			defaultConfigurationIsVisible = 0;
			defaultConfigurationName = Release;
		};
		C1CD22BD2E6FE5D60057E60C /* Build configuration list for PBXNativeTarget "unheardpathTests" */ = {
			isa = XCConfigurationList;
			buildConfigurations = (
				C1CD22BE2E6FE5D60057E60C /* Debug */,
				C1CD22BF2E6FE5D60057E60C /* Release */,
			);
			defaultConfigurationIsVisible = 0;
			defaultConfigurationName = Release;
		};
		C1CD22C02E6FE5D60057E60C /* Build configuration list for PBXNativeTarget "unheardpathUITests" */ = {
			isa = XCConfigurationList;
			buildConfigurations = (
				C1CD22C12E6FE5D60057E60C /* Debug */,
				C1CD22C22E6FE5D60057E60C /* Release */,
			);
			defaultConfigurationIsVisible = 0;
			defaultConfigurationName = Release;
		};
/* End XCConfigurationList section */

/* Begin XCRemoteSwiftPackageReference section */
		C1037AB02E7126210014D793 /* XCRemoteSwiftPackageReference "maplibre-gl-native-distribution" */ = {
			isa = XCRemoteSwiftPackageReference;
			repositoryURL = "https://github.com/maplibre/maplibre-gl-native-distribution";
			requirement = {
				kind = upToNextMajorVersion;
				minimumVersion = 6.18.1;
			};
		};
		C1037AB32E71279A0014D793 /* XCRemoteSwiftPackageReference "mapbox-maps-ios" */ = {
			isa = XCRemoteSwiftPackageReference;
			repositoryURL = "https://github.com/mapbox/mapbox-maps-ios.git";
			requirement = {
				kind = upToNextMajorVersion;
				minimumVersion = 11.0.0;
			};
		};
		C1037AB72E7185550014D793 /* XCRemoteSwiftPackageReference "supabase-swift" */ = {
			isa = XCRemoteSwiftPackageReference;
			repositoryURL = "https://github.com/supabase-community/supabase-swift.git";
			requirement = {
				kind = upToNextMajorVersion;
				minimumVersion = 2.5.1;
			};
		};
/* End XCRemoteSwiftPackageReference section */

/* Begin XCSwiftPackageProductDependency section */
		C1037AB12E7126210014D793 /* MapLibre */ = {
			isa = XCSwiftPackageProductDependency;
			package = C1037AB02E7126210014D793 /* XCRemoteSwiftPackageReference "maplibre-gl-native-distribution" */;
			productName = MapLibre;
		};
		C1037AB42E71279A0014D793 /* MapboxMaps */ = {
			isa = XCSwiftPackageProductDependency;
			package = C1037AB32E71279A0014D793 /* XCRemoteSwiftPackageReference "mapbox-maps-ios" */;
			productName = MapboxMaps;
		};
		C1037AB82E7185550014D793 /* Auth */ = {
			isa = XCSwiftPackageProductDependency;
			package = C1037AB72E7185550014D793 /* XCRemoteSwiftPackageReference "supabase-swift" */;
			productName = Auth;
		};
		C1037ABA2E7185550014D793 /* Functions */ = {
			isa = XCSwiftPackageProductDependency;
			package = C1037AB72E7185550014D793 /* XCRemoteSwiftPackageReference "supabase-swift" */;
			productName = Functions;
		};
		C1037ABC2E7185550014D793 /* PostgREST */ = {
			isa = XCSwiftPackageProductDependency;
			package = C1037AB72E7185550014D793 /* XCRemoteSwiftPackageReference "supabase-swift" */;
			productName = PostgREST;
		};
		C1037ABE2E7185550014D793 /* Realtime */ = {
			isa = XCSwiftPackageProductDependency;
			package = C1037AB72E7185550014D793 /* XCRemoteSwiftPackageReference "supabase-swift" */;
			productName = Realtime;
		};
		C1037AC02E7185550014D793 /* Storage */ = {
			isa = XCSwiftPackageProductDependency;
			package = C1037AB72E7185550014D793 /* XCRemoteSwiftPackageReference "supabase-swift" */;
			productName = Storage;
		};
/* End XCSwiftPackageProductDependency section */
	};
	rootObject = C1CD228C2E6FE5D50057E60C /* Project object */;
}
