{
  "originHash" : "ff79bb0f4536bfe40d5661f572dce33018c3be29332888895e570d9caf19b7d8",
  "pins" : [
    {
      "identity" : "app-check",
      "kind" : "remoteSourceControl",
      "location" : "https://github.com/google/app-check.git",
      "state" : {
        "revision" : "61b85103a1aeed8218f17c794687781505fbbef5",
        "version" : "11.2.0"
      }
    },
    {
      "identity" : "appauth-ios",
      "kind" : "remoteSourceControl",
      "location" : "https://github.com/openid/AppAuth-iOS.git",
      "state" : {
        "revision" : "145104f5ea9d58ae21b60add007c33c1cc0c948e",
        "version" : "2.0.0"
      }
    },
    {
      "identity" : "googlesignin-ios",
      "kind" : "remoteSourceControl",
      "location" : "https://github.com/google/GoogleSignIn-iOS",
      "state" : {
        "revision" : "3996d908c7b3ce8a87d39c808f9a6b2a08fbe043",
        "version" : "9.0.0"
      }
    },
    {
      "identity" : "googleutilities",
      "kind" : "remoteSourceControl",
      "location" : "https://github.com/google/GoogleUtilities.git",
      "state" : {
        "revision" : "60da361632d0de02786f709bdc0c4df340f7613e",
        "version" : "8.1.0"
      }
    },
    {
      "identity" : "gtm-session-fetcher",
      "kind" : "remoteSourceControl",
      "location" : "https://github.com/google/gtm-session-fetcher.git",
      "state" : {
        "revision" : "a2ab612cb980066ee56d90d60d8462992c07f24b",
        "version" : "3.5.0"
      }
    },
    {
      "identity" : "gtmappauth",
      "kind" : "remoteSourceControl",
      "location" : "https://github.com/google/GTMAppAuth.git",
      "state" : {
        "revision" : "56e0ccf09a6dd29dc7e68bdf729598240ca8aa16",
        "version" : "5.0.0"
      }
    },
    {
      "identity" : "mapbox-common-ios",
      "kind" : "remoteSourceControl",
      "location" : "https://github.com/mapbox/mapbox-common-ios.git",
      "state" : {
        "revision" : "be9fee7595e1e4f69745d8e1a5863edb7dee36f6",
        "version" : "24.16.4"
      }
    },
    {
      "identity" : "mapbox-core-maps-ios",
      "kind" : "remoteSourceControl",
      "location" : "https://github.com/mapbox/mapbox-core-maps-ios.git",
      "state" : {
        "revision" : "b264816b54fb533a2e9330f3d675d37bc1633b1d",
        "version" : "11.16.4"
      }
    },
    {
      "identity" : "mapbox-maps-ios",
      "kind" : "remoteSourceControl",
      "location" : "https://github.com/mapbox/mapbox-maps-ios.git",
      "state" : {
        "revision" : "6ba11abd44cf80cfec8fde8537d1b3b6da716a19",
        "version" : "11.16.4"
      }
    },
    {
      "identity" : "maplibre-gl-native-distribution",
      "kind" : "remoteSourceControl",
      "location" : "https://github.com/maplibre/maplibre-gl-native-distribution",
      "state" : {
        "revision" : "649704bdc341accef800a0f4edda27e4b8eb13a7",
        "version" : "6.20.1"
      }
    },
    {
      "identity" : "posthog-ios",
      "kind" : "remoteSourceControl",
      "location" : "https://github.com/PostHog/posthog-ios.git",
      "state" : {
        "revision" : "b71b7b1ba861391377d01251479530b938881ce0",
        "version" : "3.35.0"
      }
    },
    {
      "identity" : "promises",
      "kind" : "remoteSourceControl",
      "location" : "https://github.com/google/promises.git",
      "state" : {
        "revision" : "540318ecedd63d883069ae7f1ed811a2df00b6ac",
        "version" : "2.4.0"
      }
    },
    {
      "identity" : "supabase-swift",
      "kind" : "remoteSourceControl",
      "location" : "https://github.com/supabase-community/supabase-swift.git",
      "state" : {
        "revision" : "65507b524f0ec09ebb6f6b1db0db1a8e4265436e",
        "version" : "2.37.0"
      }
    },
    {
      "identity" : "swift-asn1",
      "kind" : "remoteSourceControl",
      "location" : "https://github.com/apple/swift-asn1.git",
      "state" : {
        "revision" : "40d25bbb2fc5b557a9aa8512210bded327c0f60d",
        "version" : "1.5.0"
      }
    },
    {
      "identity" : "swift-clocks",
      "kind" : "remoteSourceControl",
      "location" : "https://github.com/pointfreeco/swift-clocks",
      "state" : {
        "revision" : "cc46202b53476d64e824e0b6612da09d84ffde8e",
        "version" : "1.0.6"
      }
    },
    {
      "identity" : "swift-concurrency-extras",
      "kind" : "remoteSourceControl",
      "location" : "https://github.com/pointfreeco/swift-concurrency-extras",
      "state" : {
        "revision" : "5a3825302b1a0d744183200915a47b508c828e6f",
        "version" : "1.3.2"
      }
    },
    {
      "identity" : "swift-crypto",
      "kind" : "remoteSourceControl",
      "location" : "https://github.com/apple/swift-crypto.git",
      "state" : {
        "revision" : "e8ed8867ec23bccf5f3bb9342148fa8deaff9b49",
        "version" : "4.1.0"
      }
    },
    {
      "identity" : "swift-http-types",
      "kind" : "remoteSourceControl",
      "location" : "https://github.com/apple/swift-http-types.git",
      "state" : {
        "revision" : "45eb0224913ea070ec4fba17291b9e7ecf4749ca",
        "version" : "1.5.1"
      }
    },
    {
      "identity" : "turf-swift",
      "kind" : "remoteSourceControl",
      "location" : "https://github.com/mapbox/turf-swift.git",
      "state" : {
        "revision" : "bf840e6b9529d105687840fe2c9dcd74197d46d1",
        "version" : "4.0.0"
      }
    },
    {
      "identity" : "xctest-dynamic-overlay",
      "kind" : "remoteSourceControl",
      "location" : "https://github.com/pointfreeco/xctest-dynamic-overlay",
      "state" : {
        "revision" : "4c27acf5394b645b70d8ba19dc249c0472d5f618",
        "version" : "1.7.0"
      }
    }
  ],
  "version" : 3
}
